
Microsoft Visual Studio Solution File, Format Version 12.00
# Visual Studio Version 16
VisualStudioVersion = 16.0.29209.62
MinimumVisualStudioVersion = 10.0.40219.1
Project("{FAE04EC0-301F-11D3-BF4B-00C04F79EFBC}") = "Typewriter", "Typewriter\Typewriter.csproj", "{EDE88670-5398-490B-AA21-B3147F4DB294}"
EndProject
Global
	GlobalSection(SolutionConfigurationPlatforms) = preSolution
		Debug|Any CPU = Debug|Any CPU
		Release|Any CPU = Release|Any CPU
	EndGlobalSection
	GlobalSection(ProjectConfigurationPlatforms) = postSolution
		{EDE88670-5398-490B-AA21-B3147F4DB294}.Debug|Any CPU.ActiveCfg = Debug|Any CPU
		{EDE88670-5398-490B-AA21-B3147F4DB294}.Debug|Any CPU.Build.0 = Debug|Any CPU
		{EDE88670-5398-490B-AA21-B3147F4DB294}.Release|Any CPU.ActiveCfg = Release|Any CPU
		{EDE88670-5398-490B-AA21-B3147F4DB294}.Release|Any CPU.Build.0 = Release|Any CPU
	EndGlobalSection
	GlobalSection(SolutionProperties) = preSolution
		HideSolutionNode = FALSE
	EndGlobalSection
	GlobalSection(ExtensibilityGlobals) = postSolution
		SolutionGuid = {DBFF9FBA-1195-46A5-9B65-A343F3C74165}
	EndGlobalSection
EndGlobal
